
Microsoft Visual Studio Solution File, Format Version 12.00
# Visual Studio Version 17
VisualStudioVersion = 17.10.35027.167
MinimumVisualStudioVersion = 10.0.40219.1
Project("{9A19103F-16F7-4668-BE54-9A1E7A4F7556}") = "DataAccess", "DataAccess\DataAccess.csproj", "{55CB1486-3BBD-46FE-AE7F-6C900C1EA101}"
EndProject
Project("{9A19103F-16F7-4668-BE54-9A1E7A4F7556}") = "Entities", "Entities\Entities.csproj", "{0DDD2F7F-A244-4397-B6BD-DDF95C7FE1D1}"
EndProject
Project("{FAE04EC0-301F-11D3-BF4B-00C04F79EFBC}") = "Business", "Business\Business.csproj", "{1302A2A3-604F-41A9-8084-09A57AC4650E}"
EndProject
Project("{FAE04EC0-301F-11D3-BF4B-00C04F79EFBC}") = "Core", "Core\Core.csproj", "{7592C2A7-7B3C-4C11-A96E-5D2ABB8B2CB2}"
EndProject
Global
	GlobalSection(SolutionConfigurationPlatforms) = preSolution
		Debug|Any CPU = Debug|Any CPU
		Release|Any CPU = Release|Any CPU
	EndGlobalSection
	GlobalSection(ProjectConfigurationPlatforms) = postSolution
		{55CB1486-3BBD-46FE-AE7F-6C900C1EA101}.Debug|Any CPU.ActiveCfg = Debug|Any CPU
		{55CB1486-3BBD-46FE-AE7F-6C900C1EA101}.Debug|Any CPU.Build.0 = Debug|Any CPU
		{55CB1486-3BBD-46FE-AE7F-6C900C1EA101}.Release|Any CPU.ActiveCfg = Release|Any CPU
		{55CB1486-3BBD-46FE-AE7F-6C900C1EA101}.Release|Any CPU.Build.0 = Release|Any CPU
		{0DDD2F7F-A244-4397-B6BD-DDF95C7FE1D1}.Debug|Any CPU.ActiveCfg = Debug|Any CPU
		{0DDD2F7F-A244-4397-B6BD-DDF95C7FE1D1}.Debug|Any CPU.Build.0 = Debug|Any CPU
		{0DDD2F7F-A244-4397-B6BD-DDF95C7FE1D1}.Release|Any CPU.ActiveCfg = Release|Any CPU
		{0DDD2F7F-A244-4397-B6BD-DDF95C7FE1D1}.Release|Any CPU.Build.0 = Release|Any CPU
		{1302A2A3-604F-41A9-8084-09A57AC4650E}.Debug|Any CPU.ActiveCfg = Debug|Any CPU
		{1302A2A3-604F-41A9-8084-09A57AC4650E}.Debug|Any CPU.Build.0 = Debug|Any CPU
		{1302A2A3-604F-41A9-8084-09A57AC4650E}.Release|Any CPU.ActiveCfg = Release|Any CPU
		{1302A2A3-604F-41A9-8084-09A57AC4650E}.Release|Any CPU.Build.0 = Release|Any CPU
		{7592C2A7-7B3C-4C11-A96E-5D2ABB8B2CB2}.Debug|Any CPU.ActiveCfg = Debug|Any CPU
		{7592C2A7-7B3C-4C11-A96E-5D2ABB8B2CB2}.Debug|Any CPU.Build.0 = Debug|Any CPU
		{7592C2A7-7B3C-4C11-A96E-5D2ABB8B2CB2}.Release|Any CPU.ActiveCfg = Release|Any CPU
		{7592C2A7-7B3C-4C11-A96E-5D2ABB8B2CB2}.Release|Any CPU.Build.0 = Release|Any CPU
	EndGlobalSection
	GlobalSection(SolutionProperties) = preSolution
		HideSolutionNode = FALSE
	EndGlobalSection
	GlobalSection(ExtensibilityGlobals) = postSolution
		SolutionGuid = {36D138E8-541C-41C0-8493-978B735AE878}
	EndGlobalSection
EndGlobal
